
Microsoft Visual Studio Solution File, Format Version 12.00
# Visual Studio Version 17
VisualStudioVersion = 17.1.32328.378
MinimumVisualStudioVersion = 10.0.40219.1
Project("{FAE04EC0-301F-11D3-BF4B-00C04F79EFBC}") = "APBD_CW3", "APBD_CW3\APBD_CW3.csproj", "{3174B81E-5F6E-4F58-AFE9-9E7EEA1ADEE1}"
EndProject
Global
	GlobalSection(SolutionConfigurationPlatforms) = preSolution
		Debug|Any CPU = Debug|Any CPU
		Release|Any CPU = Release|Any CPU
	EndGlobalSection
	GlobalSection(ProjectConfigurationPlatforms) = postSolution
		{3174B81E-5F6E-4F58-AFE9-9E7EEA1ADEE1}.Debug|Any CPU.ActiveCfg = Debug|Any CPU
		{3174B81E-5F6E-4F58-AFE9-9E7EEA1ADEE1}.Debug|Any CPU.Build.0 = Debug|Any CPU
		{3174B81E-5F6E-4F58-AFE9-9E7EEA1ADEE1}.Release|Any CPU.ActiveCfg = Release|Any CPU
		{3174B81E-5F6E-4F58-AFE9-9E7EEA1ADEE1}.Release|Any CPU.Build.0 = Release|Any CPU
	EndGlobalSection
	GlobalSection(SolutionProperties) = preSolution
		HideSolutionNode = FALSE
	EndGlobalSection
	GlobalSection(ExtensibilityGlobals) = postSolution
		SolutionGuid = {D04FC6FF-66F5-40A8-8A94-5073BBD696BC}
	EndGlobalSection
EndGlobal
